
Microsoft Visual Studio Solution File, Format Version 11.00
# Visual Studio 2010
# SharpDevelop 4.4
Project("{FAE04EC0-301F-11D3-BF4B-00C04F79EFBC}") = "Actividad04", "Actividad04.csproj", "{F3B09D5D-8816-495D-923D-E68D70A4F84A}"
EndProject
Global
	GlobalSection(SolutionConfigurationPlatforms) = preSolution
		Debug|Any CPU = Debug|Any CPU
		Release|Any CPU = Release|Any CPU
	EndGlobalSection
	GlobalSection(ProjectConfigurationPlatforms) = postSolution
		{F3B09D5D-8816-495D-923D-E68D70A4F84A}.Debug|Any CPU.Build.0 = Debug|Any CPU
		{F3B09D5D-8816-495D-923D-E68D70A4F84A}.Debug|Any CPU.ActiveCfg = Debug|Any CPU
		{F3B09D5D-8816-495D-923D-E68D70A4F84A}.Release|Any CPU.Build.0 = Release|Any CPU
		{F3B09D5D-8816-495D-923D-E68D70A4F84A}.Release|Any CPU.ActiveCfg = Release|Any CPU
	EndGlobalSection
EndGlobal
